
Microsoft Visual Studio Solution File, Format Version 12.00
# Visual Studio Version 16
VisualStudioVersion = 16.0.32901.82
MinimumVisualStudioVersion = 10.0.40219.1
Project("{FAE04EC0-301F-11D3-BF4B-00C04F79EFBC}") = "TestLogin", "TestLogin.csproj", "{53DD14EA-1432-4894-8B37-12A4AD531F41}"
EndProject
Global
	GlobalSection(SolutionConfigurationPlatforms) = preSolution
		Debug|Any CPU = Debug|Any CPU
		Release|Any CPU = Release|Any CPU
	EndGlobalSection
	GlobalSection(ProjectConfigurationPlatforms) = postSolution
		{53DD14EA-1432-4894-8B37-12A4AD531F41}.Debug|Any CPU.ActiveCfg = Debug|Any CPU
		{53DD14EA-1432-4894-8B37-12A4AD531F41}.Debug|Any CPU.Build.0 = Debug|Any CPU
		{53DD14EA-1432-4894-8B37-12A4AD531F41}.Release|Any CPU.ActiveCfg = Release|Any CPU
		{53DD14EA-1432-4894-8B37-12A4AD531F41}.Release|Any CPU.Build.0 = Release|Any CPU
	EndGlobalSection
	GlobalSection(SolutionProperties) = preSolution
		HideSolutionNode = FALSE
	EndGlobalSection
	GlobalSection(ExtensibilityGlobals) = postSolution
		SolutionGuid = {A148D9DF-5433-4305-A119-D424507C5D64}
	EndGlobalSection
EndGlobal
